
Microsoft Visual Studio Solution File, Format Version 12.00
# Visual Studio Version 17
VisualStudioVersion = 17.5.002.0
MinimumVisualStudioVersion = 10.0.40219.1
Project("{9A19103F-16F7-4668-BE54-9A1E7A4F7556}") = "Variaveis", "Variaveis.csproj", "{16A98AAA-F4B5-4C6B-83F6-57D7A81B78B1}"
EndProject
Global
	GlobalSection(SolutionConfigurationPlatforms) = preSolution
		Debug|Any CPU = Debug|Any CPU
		Release|Any CPU = Release|Any CPU
	EndGlobalSection
	GlobalSection(ProjectConfigurationPlatforms) = postSolution
		{16A98AAA-F4B5-4C6B-83F6-57D7A81B78B1}.Debug|Any CPU.ActiveCfg = Debug|Any CPU
		{16A98AAA-F4B5-4C6B-83F6-57D7A81B78B1}.Debug|Any CPU.Build.0 = Debug|Any CPU
		{16A98AAA-F4B5-4C6B-83F6-57D7A81B78B1}.Release|Any CPU.ActiveCfg = Release|Any CPU
		{16A98AAA-F4B5-4C6B-83F6-57D7A81B78B1}.Release|Any CPU.Build.0 = Release|Any CPU
	EndGlobalSection
	GlobalSection(SolutionProperties) = preSolution
		HideSolutionNode = FALSE
	EndGlobalSection
	GlobalSection(ExtensibilityGlobals) = postSolution
		SolutionGuid = {7D007F0E-F51B-4A96-A5FD-FBB5D6D9D203}
	EndGlobalSection
EndGlobal
